// !$*UTF8*$!
{
	archiveVersion = 1;
	classes = {
	};
	objectVersion = 50;
	objects = {

/* Begin PBXBuildFile section */
		03780EC220CA285300352C18 /* AppDelegate.m in Sources */ = {isa = PBXBuildFile; fileRef = 03780EC120CA285300352C18 /* AppDelegate.m */; };
		03780EC520CA285300352C18 /* ViewController.m in Sources */ = {isa = PBXBuildFile; fileRef = 03780EC420CA285300352C18 /* ViewController.m */; };
		03780EC820CA285300352C18 /* Main.storyboard in Resources */ = {isa = PBXBuildFile; fileRef = 03780EC620CA285300352C18 /* Main.storyboard */; };
		03780ECA20CA285500352C18 /* Assets.xcassets in Resources */ = {isa = PBXBuildFile; fileRef = 03780EC920CA285500352C18 /* Assets.xcassets */; };
		03780ECD20CA285500352C18 /* LaunchScreen.storyboard in Resources */ = {isa = PBXBuildFile; fileRef = 03780ECB20CA285500352C18 /* LaunchScreen.storyboard */; };
		03780ED020CA285500352C18 /* main.m in Sources */ = {isa = PBXBuildFile; fileRef = 03780ECF20CA285500352C18 /* main.m */; };
		03780EF320CA2E1400352C18 /* ZSChooseLocationPicker.m in Sources */ = {isa = PBXBuildFile; fileRef = 03780ED820CA2E1300352C18 /* ZSChooseLocationPicker.m */; };
		03780EF420CA2E1400352C18 /* CLPopAnimation.m in Sources */ = {isa = PBXBuildFile; fileRef = 03780EDE20CA2E1300352C18 /* CLPopAnimation.m */; };
		03780EF520CA2E1400352C18 /* CLDataTool.m in Sources */ = {isa = PBXBuildFile; fileRef = 03780EDF20CA2E1300352C18 /* CLDataTool.m */; };
		03780EF620CA2E1400352C18 /* CLModel.m in Sources */ = {isa = PBXBuildFile; fileRef = 03780EE220CA2E1300352C18 /* CLModel.m */; };
		03780EF720CA2E1400352C18 /* CLSelectViewCell.m in Sources */ = {isa = PBXBuildFile; fileRef = 03780EE520CA2E1300352C18 /* CLSelectViewCell.m */; };
		03780EF820CA2E1400352C18 /* CLSelectViewCell.xib in Resources */ = {isa = PBXBuildFile; fileRef = 03780EEA20CA2E1300352C18 /* CLSelectViewCell.xib */; };
		03780EF920CA2E1400352C18 /* CLSegmentView.m in Sources */ = {isa = PBXBuildFile; fileRef = 03780EEB20CA2E1300352C18 /* CLSegmentView.m */; };
		03780EFA20CA2E1400352C18 /* CLSelectView.m in Sources */ = {isa = PBXBuildFile; fileRef = 03780EEC20CA2E1300352C18 /* CLSelectView.m */; };
		03780EFB20CA2E1400352C18 /* CLTitleView.m in Sources */ = {isa = PBXBuildFile; fileRef = 03780EED20CA2E1300352C18 /* CLTitleView.m */; };
		03780EFF20CA2E1400352C18 /* ZSChooseLocationController.m in Sources */ = {isa = PBXBuildFile; fileRef = 03780EF220CA2E1300352C18 /* ZSChooseLocationController.m */; };
		03C9B2C120CAD2D000DBBE5E /* ZSChooseLocation.bundle in Resources */ = {isa = PBXBuildFile; fileRef = 03C9B2C020CAD2D000DBBE5E /* ZSChooseLocation.bundle */; };
/* End PBXBuildFile section */

/* Begin PBXFileReference section */
		03780EBD20CA285300352C18 /* ZSChooseLocation-master.app */ = {isa = PBXFileReference; explicitFileType = wrapper.application; includeInIndex = 0; path = "ZSChooseLocation-master.app"; sourceTree = BUILT_PRODUCTS_DIR; };
		03780EC020CA285300352C18 /* AppDelegate.h */ = {isa = PBXFileReference; lastKnownFileType = sourcecode.c.h; path = AppDelegate.h; sourceTree = "<group>"; };
		03780EC120CA285300352C18 /* AppDelegate.m */ = {isa = PBXFileReference; lastKnownFileType = sourcecode.c.objc; path = AppDelegate.m; sourceTree = "<group>"; };
		03780EC320CA285300352C18 /* ViewController.h */ = {isa = PBXFileReference; lastKnownFileType = sourcecode.c.h; path = ViewController.h; sourceTree = "<group>"; };
		03780EC420CA285300352C18 /* ViewController.m */ = {isa = PBXFileReference; lastKnownFileType = sourcecode.c.objc; path = ViewController.m; sourceTree = "<group>"; };
		03780EC720CA285300352C18 /* Base */ = {isa = PBXFileReference; lastKnownFileType = file.storyboard; name = Base; path = Base.lproj/Main.storyboard; sourceTree = "<group>"; };
		03780EC920CA285500352C18 /* Assets.xcassets */ = {isa = PBXFileReference; lastKnownFileType = folder.assetcatalog; path = Assets.xcassets; sourceTree = "<group>"; };
		03780ECC20CA285500352C18 /* Base */ = {isa = PBXFileReference; lastKnownFileType = file.storyboard; name = Base; path = Base.lproj/LaunchScreen.storyboard; sourceTree = "<group>"; };
		03780ECE20CA285500352C18 /* Info.plist */ = {isa = PBXFileReference; lastKnownFileType = text.plist.xml; path = Info.plist; sourceTree = "<group>"; };
		03780ECF20CA285500352C18 /* main.m */ = {isa = PBXFileReference; lastKnownFileType = sourcecode.c.objc; path = main.m; sourceTree = "<group>"; };
		03780ED820CA2E1300352C18 /* ZSChooseLocationPicker.m */ = {isa = PBXFileReference; fileEncoding = 4; lastKnownFileType = sourcecode.c.objc; path = ZSChooseLocationPicker.m; sourceTree = "<group>"; };
		03780ED920CA2E1300352C18 /* ZSChooseLocationPicker.h */ = {isa = PBXFileReference; fileEncoding = 4; lastKnownFileType = sourcecode.c.h; path = ZSChooseLocationPicker.h; sourceTree = "<group>"; };
		03780EDC20CA2E1300352C18 /* CLDataTool.h */ = {isa = PBXFileReference; fileEncoding = 4; lastKnownFileType = sourcecode.c.h; path = CLDataTool.h; sourceTree = "<group>"; };
		03780EDD20CA2E1300352C18 /* CLModel.h */ = {isa = PBXFileReference; fileEncoding = 4; lastKnownFileType = sourcecode.c.h; path = CLModel.h; sourceTree = "<group>"; };
		03780EDE20CA2E1300352C18 /* CLPopAnimation.m */ = {isa = PBXFileReference; fileEncoding = 4; lastKnownFileType = sourcecode.c.objc; path = CLPopAnimation.m; sourceTree = "<group>"; };
		03780EDF20CA2E1300352C18 /* CLDataTool.m */ = {isa = PBXFileReference; fileEncoding = 4; lastKnownFileType = sourcecode.c.objc; path = CLDataTool.m; sourceTree = "<group>"; };
		03780EE020CA2E1300352C18 /* CLPopAnimation.h */ = {isa = PBXFileReference; fileEncoding = 4; lastKnownFileType = sourcecode.c.h; path = CLPopAnimation.h; sourceTree = "<group>"; };
		03780EE120CA2E1300352C18 /* CLConfigs.h */ = {isa = PBXFileReference; fileEncoding = 4; lastKnownFileType = sourcecode.c.h; path = CLConfigs.h; sourceTree = "<group>"; };
		03780EE220CA2E1300352C18 /* CLModel.m */ = {isa = PBXFileReference; fileEncoding = 4; lastKnownFileType = sourcecode.c.objc; path = CLModel.m; sourceTree = "<group>"; };
		03780EE320CA2E1300352C18 /* ZSChooseLocationController.h */ = {isa = PBXFileReference; fileEncoding = 4; lastKnownFileType = sourcecode.c.h; path = ZSChooseLocationController.h; sourceTree = "<group>"; };
		03780EE520CA2E1300352C18 /* CLSelectViewCell.m */ = {isa = PBXFileReference; fileEncoding = 4; lastKnownFileType = sourcecode.c.objc; path = CLSelectViewCell.m; sourceTree = "<group>"; };
		03780EE620CA2E1300352C18 /* CLSelectView.h */ = {isa = PBXFileReference; fileEncoding = 4; lastKnownFileType = sourcecode.c.h; path = CLSelectView.h; sourceTree = "<group>"; };
		03780EE720CA2E1300352C18 /* CLSegmentView.h */ = {isa = PBXFileReference; fileEncoding = 4; lastKnownFileType = sourcecode.c.h; path = CLSegmentView.h; sourceTree = "<group>"; };
		03780EE820CA2E1300352C18 /* CLTitleView.h */ = {isa = PBXFileReference; fileEncoding = 4; lastKnownFileType = sourcecode.c.h; path = CLTitleView.h; sourceTree = "<group>"; };
		03780EE920CA2E1300352C18 /* CLSelectViewCell.h */ = {isa = PBXFileReference; fileEncoding = 4; lastKnownFileType = sourcecode.c.h; path = CLSelectViewCell.h; sourceTree = "<group>"; };
		03780EEA20CA2E1300352C18 /* CLSelectViewCell.xib */ = {isa = PBXFileReference; fileEncoding = 4; lastKnownFileType = file.xib; path = CLSelectViewCell.xib; sourceTree = "<group>"; };
		03780EEB20CA2E1300352C18 /* CLSegmentView.m */ = {isa = PBXFileReference; fileEncoding = 4; lastKnownFileType = sourcecode.c.objc; path = CLSegmentView.m; sourceTree = "<group>"; };
		03780EEC20CA2E1300352C18 /* CLSelectView.m */ = {isa = PBXFileReference; fileEncoding = 4; lastKnownFileType = sourcecode.c.objc; path = CLSelectView.m; sourceTree = "<group>"; };
		03780EED20CA2E1300352C18 /* CLTitleView.m */ = {isa = PBXFileReference; fileEncoding = 4; lastKnownFileType = sourcecode.c.objc; path = CLTitleView.m; sourceTree = "<group>"; };
		03780EF220CA2E1300352C18 /* ZSChooseLocationController.m */ = {isa = PBXFileReference; fileEncoding = 4; lastKnownFileType = sourcecode.c.objc; path = ZSChooseLocationController.m; sourceTree = "<group>"; };
		03C9B2C020CAD2D000DBBE5E /* ZSChooseLocation.bundle */ = {isa = PBXFileReference; lastKnownFileType = "wrapper.plug-in"; path = ZSChooseLocation.bundle; sourceTree = "<group>"; };
/* End PBXFileReference section */

/* Begin PBXFrameworksBuildPhase section */
		03780EBA20CA285300352C18 /* Frameworks */ = {
			isa = PBXFrameworksBuildPhase;
			buildActionMask = 2147483647;
			files = (
			);
			runOnlyForDeploymentPostprocessing = 0;
		};
/* End PBXFrameworksBuildPhase section */

/* Begin PBXGroup section */
		03780EB420CA285300352C18 = {
			isa = PBXGroup;
			children = (
				03780EBF20CA285300352C18 /* ZSChooseLocation-master */,
				03780EBE20CA285300352C18 /* Products */,
			);
			sourceTree = "<group>";
		};
		03780EBE20CA285300352C18 /* Products */ = {
			isa = PBXGroup;
			children = (
				03780EBD20CA285300352C18 /* ZSChooseLocation-master.app */,
			);
			name = Products;
			sourceTree = "<group>";
		};
		03780EBF20CA285300352C18 /* ZSChooseLocation-master */ = {
			isa = PBXGroup;
			children = (
				03780ED620CA2E1300352C18 /* Sources */,
				03780EC020CA285300352C18 /* AppDelegate.h */,
				03780EC120CA285300352C18 /* AppDelegate.m */,
				03780EC320CA285300352C18 /* ViewController.h */,
				03780EC420CA285300352C18 /* ViewController.m */,
				03780EC620CA285300352C18 /* Main.storyboard */,
				03780EC920CA285500352C18 /* Assets.xcassets */,
				03780ECB20CA285500352C18 /* LaunchScreen.storyboard */,
				03780ECE20CA285500352C18 /* Info.plist */,
				03780ECF20CA285500352C18 /* main.m */,
			);
			path = "ZSChooseLocation-master";
			sourceTree = "<group>";
		};
		03780ED620CA2E1300352C18 /* Sources */ = {
			isa = PBXGroup;
			children = (
				03780EEE20CA2E1300352C18 /* Resource */,
				03780EDB20CA2E1300352C18 /* Util */,
				03780ED720CA2E1300352C18 /* ChooseLocationPicker */,
				03780EDA20CA2E1300352C18 /* ChooseLocationController */,
			);
			name = Sources;
			path = ../../Sources;
			sourceTree = "<group>";
		};
		03780ED720CA2E1300352C18 /* ChooseLocationPicker */ = {
			isa = PBXGroup;
			children = (
				03780ED820CA2E1300352C18 /* ZSChooseLocationPicker.m */,
				03780ED920CA2E1300352C18 /* ZSChooseLocationPicker.h */,
			);
			path = ChooseLocationPicker;
			sourceTree = "<group>";
		};
		03780EDA20CA2E1300352C18 /* ChooseLocationController */ = {
			isa = PBXGroup;
			children = (
				03780EE320CA2E1300352C18 /* ZSChooseLocationController.h */,
				03780EF220CA2E1300352C18 /* ZSChooseLocationController.m */,
				03780EE420CA2E1300352C18 /* View */,
			);
			path = ChooseLocationController;
			sourceTree = "<group>";
		};
		03780EDB20CA2E1300352C18 /* Util */ = {
			isa = PBXGroup;
			children = (
				03780EE120CA2E1300352C18 /* CLConfigs.h */,
				03780EDC20CA2E1300352C18 /* CLDataTool.h */,
				03780EDF20CA2E1300352C18 /* CLDataTool.m */,
				03780EDD20CA2E1300352C18 /* CLModel.h */,
				03780EE220CA2E1300352C18 /* CLModel.m */,
				03780EE020CA2E1300352C18 /* CLPopAnimation.h */,
				03780EDE20CA2E1300352C18 /* CLPopAnimation.m */,
			);
			path = Util;
			sourceTree = "<group>";
		};
		03780EE420CA2E1300352C18 /* View */ = {
			isa = PBXGroup;
			children = (
				03780EE720CA2E1300352C18 /* CLSegmentView.h */,
				03780EEB20CA2E1300352C18 /* CLSegmentView.m */,
				03780EE620CA2E1300352C18 /* CLSelectView.h */,
				03780EEC20CA2E1300352C18 /* CLSelectView.m */,
				03780EE920CA2E1300352C18 /* CLSelectViewCell.h */,
				03780EE520CA2E1300352C18 /* CLSelectViewCell.m */,
				03780EEA20CA2E1300352C18 /* CLSelectViewCell.xib */,
				03780EE820CA2E1300352C18 /* CLTitleView.h */,
				03780EED20CA2E1300352C18 /* CLTitleView.m */,
			);
			path = View;
			sourceTree = "<group>";
		};
		03780EEE20CA2E1300352C18 /* Resource */ = {
			isa = PBXGroup;
			children = (
				03C9B2C020CAD2D000DBBE5E /* ZSChooseLocation.bundle */,
			);
			path = Resource;
			sourceTree = "<group>";
		};
/* End PBXGroup section */

/* Begin PBXNativeTarget section */
		03780EBC20CA285300352C18 /* ZSChooseLocation-master */ = {
			isa = PBXNativeTarget;
			buildConfigurationList = 03780ED320CA285500352C18 /* Build configuration list for PBXNativeTarget "ZSChooseLocation-master" */;
			buildPhases = (
				03780EB920CA285300352C18 /* Sources */,
				03780EBA20CA285300352C18 /* Frameworks */,
				03780EBB20CA285300352C18 /* Resources */,
			);
			buildRules = (
			);
			dependencies = (
			);
			name = "ZSChooseLocation-master";
			productName = "ZSChooseLocation-master";
			productReference = 03780EBD20CA285300352C18 /* ZSChooseLocation-master.app */;
			productType = "com.apple.product-type.application";
		};
/* End PBXNativeTarget section */

/* Begin PBXProject section */
		03780EB520CA285300352C18 /* Project object */ = {
			isa = PBXProject;
			attributes = {
				LastUpgradeCheck = 0930;
				ORGANIZATIONNAME = safiri;
				TargetAttributes = {
					03780EBC20CA285300352C18 = {
						CreatedOnToolsVersion = 9.3;
					};
				};
			};
			buildConfigurationList = 03780EB820CA285300352C18 /* Build configuration list for PBXProject "ZSChooseLocation-master" */;
			compatibilityVersion = "Xcode 9.3";
			developmentRegion = en;
			hasScannedForEncodings = 0;
			knownRegions = (
				en,
				Base,
			);
			mainGroup = 03780EB420CA285300352C18;
			productRefGroup = 03780EBE20CA285300352C18 /* Products */;
			projectDirPath = "";
			projectRoot = "";
			targets = (
				03780EBC20CA285300352C18 /* ZSChooseLocation-master */,
			);
		};
/* End PBXProject section */

/* Begin PBXResourcesBuildPhase section */
		03780EBB20CA285300352C18 /* Resources */ = {
			isa = PBXResourcesBuildPhase;
			buildActionMask = 2147483647;
			files = (
				03C9B2C120CAD2D000DBBE5E /* ZSChooseLocation.bundle in Resources */,
				03780ECD20CA285500352C18 /* LaunchScreen.storyboard in Resources */,
				03780ECA20CA285500352C18 /* Assets.xcassets in Resources */,
				03780EC820CA285300352C18 /* Main.storyboard in Resources */,
				03780EF820CA2E1400352C18 /* CLSelectViewCell.xib in Resources */,
			);
			runOnlyForDeploymentPostprocessing = 0;
		};
/* End PBXResourcesBuildPhase section */

/* Begin PBXSourcesBuildPhase section */
		03780EB920CA285300352C18 /* Sources */ = {
			isa = PBXSourcesBuildPhase;
			buildActionMask = 2147483647;
			files = (
				03780EF520CA2E1400352C18 /* CLDataTool.m in Sources */,
				03780EFA20CA2E1400352C18 /* CLSelectView.m in Sources */,
				03780EFF20CA2E1400352C18 /* ZSChooseLocationController.m in Sources */,
				03780EC520CA285300352C18 /* ViewController.m in Sources */,
				03780EF320CA2E1400352C18 /* ZSChooseLocationPicker.m in Sources */,
				03780EFB20CA2E1400352C18 /* CLTitleView.m in Sources */,
				03780EF420CA2E1400352C18 /* CLPopAnimation.m in Sources */,
				03780EF920CA2E1400352C18 /* CLSegmentView.m in Sources */,
				03780EF620CA2E1400352C18 /* CLModel.m in Sources */,
				03780ED020CA285500352C18 /* main.m in Sources */,
				03780EC220CA285300352C18 /* AppDelegate.m in Sources */,
				03780EF720CA2E1400352C18 /* CLSelectViewCell.m in Sources */,
			);
			runOnlyForDeploymentPostprocessing = 0;
		};
/* End PBXSourcesBuildPhase section */

/* Begin PBXVariantGroup section */
		03780EC620CA285300352C18 /* Main.storyboard */ = {
			isa = PBXVariantGroup;
			children = (
				03780EC720CA285300352C18 /* Base */,
			);
			name = Main.storyboard;
			sourceTree = "<group>";
		};
		03780ECB20CA285500352C18 /* LaunchScreen.storyboard */ = {
			isa = PBXVariantGroup;
			children = (
				03780ECC20CA285500352C18 /* Base */,
			);
			name = LaunchScreen.storyboard;
			sourceTree = "<group>";
		};
/* End PBXVariantGroup section */

/* Begin XCBuildConfiguration section */
		03780ED120CA285500352C18 /* Debug */ = {
			isa = XCBuildConfiguration;
			buildSettings = {
				ALWAYS_SEARCH_USER_PATHS = NO;
				CLANG_ANALYZER_NONNULL = YES;
				CLANG_ANALYZER_NUMBER_OBJECT_CONVERSION = YES_AGGRESSIVE;
				CLANG_CXX_LANGUAGE_STANDARD = "gnu++14";
				CLANG_CXX_LIBRARY = "libc++";
				CLANG_ENABLE_MODULES = YES;
				CLANG_ENABLE_OBJC_ARC = YES;
				CLANG_ENABLE_OBJC_WEAK = YES;
				CLANG_WARN_BLOCK_CAPTURE_AUTORELEASING = YES;
				CLANG_WARN_BOOL_CONVERSION = YES;
				CLANG_WARN_COMMA = YES;
				CLANG_WARN_CONSTANT_CONVERSION = YES;
				CLANG_WARN_DEPRECATED_OBJC_IMPLEMENTATIONS = YES;
				CLANG_WARN_DIRECT_OBJC_ISA_USAGE = YES_ERROR;
				CLANG_WARN_DOCUMENTATION_COMMENTS = YES;
				CLANG_WARN_EMPTY_BODY = YES;
				CLANG_WARN_ENUM_CONVERSION = YES;
				CLANG_WARN_INFINITE_RECURSION = YES;
				CLANG_WARN_INT_CONVERSION = YES;
				CLANG_WARN_NON_LITERAL_NULL_CONVERSION = YES;
				CLANG_WARN_OBJC_IMPLICIT_RETAIN_SELF = YES;
				CLANG_WARN_OBJC_LITERAL_CONVERSION = YES;
				CLANG_WARN_OBJC_ROOT_CLASS = YES_ERROR;
				CLANG_WARN_RANGE_LOOP_ANALYSIS = YES;
				CLANG_WARN_STRICT_PROTOTYPES = YES;
				CLANG_WARN_SUSPICIOUS_MOVE = YES;
				CLANG_WARN_UNGUARDED_AVAILABILITY = YES_AGGRESSIVE;
				CLANG_WARN_UNREACHABLE_CODE = YES;
				CLANG_WARN__DUPLICATE_METHOD_MATCH = YES;
				CODE_SIGN_IDENTITY = "iPhone Developer";
				COPY_PHASE_STRIP = NO;
				DEBUG_INFORMATION_FORMAT = dwarf;
				ENABLE_STRICT_OBJC_MSGSEND = YES;
				ENABLE_TESTABILITY = YES;
				GCC_C_LANGUAGE_STANDARD = gnu11;
				GCC_DYNAMIC_NO_PIC = NO;
				GCC_NO_COMMON_BLOCKS = YES;
				GCC_OPTIMIZATION_LEVEL = 0;
				GCC_PREPROCESSOR_DEFINITIONS = (
					"DEBUG=1",
					"$(inherited)",
				);
				GCC_WARN_64_TO_32_BIT_CONVERSION = YES;
				GCC_WARN_ABOUT_RETURN_TYPE = YES_ERROR;
				GCC_WARN_UNDECLARED_SELECTOR = YES;
				GCC_WARN_UNINITIALIZED_AUTOS = YES_AGGRESSIVE;
				GCC_WARN_UNUSED_FUNCTION = YES;
				GCC_WARN_UNUSED_VARIABLE = YES;
				IPHONEOS_DEPLOYMENT_TARGET = 11.3;
				MTL_ENABLE_DEBUG_INFO = YES;
				ONLY_ACTIVE_ARCH = YES;
				SDKROOT = iphoneos;
			};
			name = Debug;
		};
		03780ED220CA285500352C18 /* Release */ = {
			isa = XCBuildConfiguration;
			buildSettings = {
				ALWAYS_SEARCH_USER_PATHS = NO;
				CLANG_ANALYZER_NONNULL = YES;
				CLANG_ANALYZER_NUMBER_OBJECT_CONVERSION = YES_AGGRESSIVE;
				CLANG_CXX_LANGUAGE_STANDARD = "gnu++14";
				CLANG_CXX_LIBRARY = "libc++";
				CLANG_ENABLE_MODULES = YES;
				CLANG_ENABLE_OBJC_ARC = YES;
				CLANG_ENABLE_OBJC_WEAK = YES;
				CLANG_WARN_BLOCK_CAPTURE_AUTORELEASING = YES;
				CLANG_WARN_BOOL_CONVERSION = YES;
				CLANG_WARN_COMMA = YES;
				CLANG_WARN_CONSTANT_CONVERSION = YES;
				CLANG_WARN_DEPRECATED_OBJC_IMPLEMENTATIONS = YES;
				CLANG_WARN_DIRECT_OBJC_ISA_USAGE = YES_ERROR;
				CLANG_WARN_DOCUMENTATION_COMMENTS = YES;
				CLANG_WARN_EMPTY_BODY = YES;
				CLANG_WARN_ENUM_CONVERSION = YES;
				CLANG_WARN_INFINITE_RECURSION = YES;
				CLANG_WARN_INT_CONVERSION = YES;
				CLANG_WARN_NON_LITERAL_NULL_CONVERSION = YES;
				CLANG_WARN_OBJC_IMPLICIT_RETAIN_SELF = YES;
				CLANG_WARN_OBJC_LITERAL_CONVERSION = YES;
				CLANG_WARN_OBJC_ROOT_CLASS = YES_ERROR;
				CLANG_WARN_RANGE_LOOP_ANALYSIS = YES;
				CLANG_WARN_STRICT_PROTOTYPES = YES;
				CLANG_WARN_SUSPICIOUS_MOVE = YES;
				CLANG_WARN_UNGUARDED_AVAILABILITY = YES_AGGRESSIVE;
				CLANG_WARN_UNREACHABLE_CODE = YES;
				CLANG_WARN__DUPLICATE_METHOD_MATCH = YES;
				CODE_SIGN_IDENTITY = "iPhone Developer";
				COPY_PHASE_STRIP = NO;
				DEBUG_INFORMATION_FORMAT = "dwarf-with-dsym";
				ENABLE_NS_ASSERTIONS = NO;
				ENABLE_STRICT_OBJC_MSGSEND = YES;
				GCC_C_LANGUAGE_STANDARD = gnu11;
				GCC_NO_COMMON_BLOCKS = YES;
				GCC_WARN_64_TO_32_BIT_CONVERSION = YES;
				GCC_WARN_ABOUT_RETURN_TYPE = YES_ERROR;
				GCC_WARN_UNDECLARED_SELECTOR = YES;
				GCC_WARN_UNINITIALIZED_AUTOS = YES_AGGRESSIVE;
				GCC_WARN_UNUSED_FUNCTION = YES;
				GCC_WARN_UNUSED_VARIABLE = YES;
				IPHONEOS_DEPLOYMENT_TARGET = 11.3;
				MTL_ENABLE_DEBUG_INFO = NO;
				SDKROOT = iphoneos;
				VALIDATE_PRODUCT = YES;
			};
			name = Release;
		};
		03780ED420CA285500352C18 /* Debug */ = {
			isa = XCBuildConfiguration;
			buildSettings = {
				ASSETCATALOG_COMPILER_APPICON_NAME = AppIcon;
				CODE_SIGN_STYLE = Automatic;
				DEVELOPMENT_TEAM = HWZH7TV284;
				INFOPLIST_FILE = "ZSChooseLocation-master/Info.plist";
				IPHONEOS_DEPLOYMENT_TARGET = 8.0;
				LD_RUNPATH_SEARCH_PATHS = (
					"$(inherited)",
					"@executable_path/Frameworks",
				);
				PRODUCT_BUNDLE_IDENTIFIER = "com.pengpai.ZSChooseLocation-master";
				PRODUCT_NAME = "$(TARGET_NAME)";
				TARGETED_DEVICE_FAMILY = "1,2";
			};
			name = Debug;
		};
		03780ED520CA285500352C18 /* Release */ = {
			isa = XCBuildConfiguration;
			buildSettings = {
				ASSETCATALOG_COMPILER_APPICON_NAME = AppIcon;
				CODE_SIGN_STYLE = Automatic;
				DEVELOPMENT_TEAM = HWZH7TV284;
				INFOPLIST_FILE = "ZSChooseLocation-master/Info.plist";
				IPHONEOS_DEPLOYMENT_TARGET = 8.0;
				LD_RUNPATH_SEARCH_PATHS = (
					"$(inherited)",
					"@executable_path/Frameworks",
				);
				PRODUCT_BUNDLE_IDENTIFIER = "com.pengpai.ZSChooseLocation-master";
				PRODUCT_NAME = "$(TARGET_NAME)";
				TARGETED_DEVICE_FAMILY = "1,2";
			};
			name = Release;
		};
/* End XCBuildConfiguration section */

/* Begin XCConfigurationList section */
		03780EB820CA285300352C18 /* Build configuration list for PBXProject "ZSChooseLocation-master" */ = {
			isa = XCConfigurationList;
			buildConfigurations = (
				03780ED120CA285500352C18 /* Debug */,
				03780ED220CA285500352C18 /* Release */,
			);
			defaultConfigurationIsVisible = 0;
			defaultConfigurationName = Release;
		};
		03780ED320CA285500352C18 /* Build configuration list for PBXNativeTarget "ZSChooseLocation-master" */ = {
			isa = XCConfigurationList;
			buildConfigurations = (
				03780ED420CA285500352C18 /* Debug */,
				03780ED520CA285500352C18 /* Release */,
			);
			defaultConfigurationIsVisible = 0;
			defaultConfigurationName = Release;
		};
/* End XCConfigurationList section */
	};
	rootObject = 03780EB520CA285300352C18 /* Project object */;
}
